github.com/templexxx/xxh3 v0.0.2 h1:70x4T+4d23qF+iOGUOXrF7ldLII0ArRVUSF8ZYpLw50=
github.com/templexxx/xxh3 v0.0.2/go.mod h1:tn1iRAox+IQhDhTR+oUthjRQeoria9525zokqi62axg=
golang.org/x/sys v0.0.0-20200727154430-2d971f7391a4 h1:gtF+PUC1CD1a9ocwQHbVNXuTp6RQsAYt6tpi6zjT81Y=
golang.org/x/sys v0.0.0-20200727154430-2d971f7391a4/go.mod h1:h1NjWce9XRLGQEsW7wpKNCjG9DtNlClVuFLEZdDNbEs=
